
Microsoft Visual Studio Solution File, Format Version 12.00
# Visual Studio Version 17
VisualStudioVersion = 17.12.35707.178
MinimumVisualStudioVersion = 10.0.40219.1
Project("{2150E333-8FDC-42A3-9474-1A3956D46DE8}") = "Solution Items", "Solution Items", "{7E2B3981-64E6-45B5-8159-4A837645016D}"
	ProjectSection(SolutionItems) = preProject
		.editorconfig = .editorconfig
		.gitattributes = .gitattributes
		.gitignore = .gitignore
		LICENSE.txt = LICENSE.txt
		README.md = README.md
		Settings.XamlStyler = Settings.XamlStyler
	EndProjectSection
EndProject
Project("{FAE04EC0-301F-11D3-BF4B-00C04F79EFBC}") = "ThisIsAnAttack", "src\ThisIsAnAttack\ThisIsAnAttack.csproj", "{65FA6D63-C052-4C21-9617-736665F1C99F}"
EndProject
Global
	GlobalSection(SolutionConfigurationPlatforms) = preSolution
		Debug|Any CPU = Debug|Any CPU
		DebugInGame|Any CPU = DebugInGame|Any CPU
		Release|Any CPU = Release|Any CPU
	EndGlobalSection
	GlobalSection(ProjectConfigurationPlatforms) = postSolution
		{65FA6D63-C052-4C21-9617-736665F1C99F}.Debug|Any CPU.ActiveCfg = Debug|Any CPU
		{65FA6D63-C052-4C21-9617-736665F1C99F}.Debug|Any CPU.Build.0 = Debug|Any CPU
		{65FA6D63-C052-4C21-9617-736665F1C99F}.DebugInGame|Any CPU.ActiveCfg = DebugInGame|Any CPU
		{65FA6D63-C052-4C21-9617-736665F1C99F}.DebugInGame|Any CPU.Build.0 = DebugInGame|Any CPU
		{65FA6D63-C052-4C21-9617-736665F1C99F}.Release|Any CPU.ActiveCfg = Release|Any CPU
		{65FA6D63-C052-4C21-9617-736665F1C99F}.Release|Any CPU.Build.0 = Release|Any CPU
	EndGlobalSection
	GlobalSection(SolutionProperties) = preSolution
		HideSolutionNode = FALSE
	EndGlobalSection
EndGlobal
